// !$*UTF8*$!
{
	archiveVersion = 1;
	classes = {
	};
	objectVersion = 46;
	objects = {

/* Begin PBXBuildFile section */
		5220CD4F78B806719BD9EA88 /* Pods_RainCaster.framework in Frameworks */ = {isa = PBXBuildFile; fileRef = 0E1DA31A60FFF5C01FF5D9CA /* Pods_RainCaster.framework */; };
		FE3BB69E1EB9487000809F98 /* DJMediaPlayerControl.swift in Sources */ = {isa = PBXBuildFile; fileRef = FE3BB69D1EB9487000809F98 /* DJMediaPlayerControl.swift */; };
		FE3BB6A01EB9496600809F98 /* DJCachingController.swift in Sources */ = {isa = PBXBuildFile; fileRef = FE3BB69F1EB9496600809F98 /* DJCachingController.swift */; };
		FE3BB6A21EB9554500809F98 /* UIImage+Convenience.swift in Sources */ = {isa = PBXBuildFile; fileRef = FE3BB6A11EB9554500809F98 /* UIImage+Convenience.swift */; };
		FE6E510D1EABECCB00A62CCB /* AppDelegate.swift in Sources */ = {isa = PBXBuildFile; fileRef = FE6E510C1EABECCB00A62CCB /* AppDelegate.swift */; };
		FE6E51141EABECCB00A62CCB /* Assets.xcassets in Resources */ = {isa = PBXBuildFile; fileRef = FE6E51131EABECCB00A62CCB /* Assets.xcassets */; };
		FE6E51171EABECCB00A62CCB /* LaunchScreen.storyboard in Resources */ = {isa = PBXBuildFile; fileRef = FE6E51151EABECCB00A62CCB /* LaunchScreen.storyboard */; };
		FE6E51251EABEFF300A62CCB /* Podfile in Resources */ = {isa = PBXBuildFile; fileRef = FE6E51241EABEFF300A62CCB /* Podfile */; };
		FE964CEF1EAC259F00DF0035 /* MainPlayerVC+GCKDeviceManagerDelegate.swift in Sources */ = {isa = PBXBuildFile; fileRef = FE964CEE1EAC259F00DF0035 /* MainPlayerVC+GCKDeviceManagerDelegate.swift */; };
		FE964CFC1EB7AF3D00DF0035 /* ThemedTrackCollectionViewCell.swift in Sources */ = {isa = PBXBuildFile; fileRef = FE964CFA1EB7AF3D00DF0035 /* ThemedTrackCollectionViewCell.swift */; };
		FE964CFD1EB7AF3D00DF0035 /* ThemedTrackCollectionViewCell.xib in Resources */ = {isa = PBXBuildFile; fileRef = FE964CFB1EB7AF3D00DF0035 /* ThemedTrackCollectionViewCell.xib */; };
		FE964D011EB7B43600DF0035 /* FilsonSoft-Bold.otf in Resources */ = {isa = PBXBuildFile; fileRef = FE964CFF1EB7B43600DF0035 /* FilsonSoft-Bold.otf */; };
		FE964D021EB7B43600DF0035 /* FilsonSoftRegular.otf in Resources */ = {isa = PBXBuildFile; fileRef = FE964D001EB7B43600DF0035 /* FilsonSoftRegular.otf */; };
		FEA3B4981EB7FAD600187EB0 /* MainPlayerViewController.swift in Sources */ = {isa = PBXBuildFile; fileRef = FEA3B4961EB7FAD600187EB0 /* MainPlayerViewController.swift */; };
		FEA3B4991EB7FAD600187EB0 /* MainPlayerViewController.xib in Resources */ = {isa = PBXBuildFile; fileRef = FEA3B4971EB7FAD600187EB0 /* MainPlayerViewController.xib */; };
		FEA3B49C1EB8015800187EB0 /* Enums.swift in Sources */ = {isa = PBXBuildFile; fileRef = FEA3B49B1EB8015800187EB0 /* Enums.swift */; };
		FEA3B49F1EB8028B00187EB0 /* UIColor+Design.swift in Sources */ = {isa = PBXBuildFile; fileRef = FEA3B49E1EB8028B00187EB0 /* UIColor+Design.swift */; };
		FEA3B4A11EB8029900187EB0 /* UIColor+Convenience.swift in Sources */ = {isa = PBXBuildFile; fileRef = FEA3B4A01EB8029900187EB0 /* UIColor+Convenience.swift */; };
		FEA3B4A31EB802C300187EB0 /* Numeric+Convenience.swift in Sources */ = {isa = PBXBuildFile; fileRef = FEA3B4A21EB802C300187EB0 /* Numeric+Convenience.swift */; };
		FEA3B4A51EB8033600187EB0 /* UIFont+Design.swift in Sources */ = {isa = PBXBuildFile; fileRef = FEA3B4A41EB8033600187EB0 /* UIFont+Design.swift */; };
		FEA3B4A71EB8039F00187EB0 /* SanFranciscoDisplay-Regular.otf in Resources */ = {isa = PBXBuildFile; fileRef = FEA3B4A61EB8039F00187EB0 /* SanFranciscoDisplay-Regular.otf */; };
		FEA3B4AA1EB8046E00187EB0 /* TrackListCollectionViewDataSource.swift in Sources */ = {isa = PBXBuildFile; fileRef = FEA3B4A91EB8046E00187EB0 /* TrackListCollectionViewDataSource.swift */; };
		FEA3B4AF1EB8063700187EB0 /* SettingsCollectionViewCell.swift in Sources */ = {isa = PBXBuildFile; fileRef = FEA3B4AD1EB8063700187EB0 /* SettingsCollectionViewCell.swift */; };
		FEA3B4B01EB8063700187EB0 /* SettingsCollectionViewCell.xib in Resources */ = {isa = PBXBuildFile; fileRef = FEA3B4AE1EB8063700187EB0 /* SettingsCollectionViewCell.xib */; };
		FEA3B4B21EB807E800187EB0 /* CellData.swift in Sources */ = {isa = PBXBuildFile; fileRef = FEA3B4B11EB807E800187EB0 /* CellData.swift */; };
		FEA3B4B51EB80E6900187EB0 /* DJAudioController.swift in Sources */ = {isa = PBXBuildFile; fileRef = FEA3B4B41EB80E6900187EB0 /* DJAudioController.swift */; };
		FEA3B4B71EB80F0000187EB0 /* DummyDataSource.swift in Sources */ = {isa = PBXBuildFile; fileRef = FEA3B4B61EB80F0000187EB0 /* DummyDataSource.swift */; };
		FEDB636C1EBD1D4200F8FDF2 /* CGFloat+Curve.swift in Sources */ = {isa = PBXBuildFile; fileRef = FEDB636B1EBD1D4200F8FDF2 /* CGFloat+Curve.swift */; };
		FEDB636E1EBD1E5D00F8FDF2 /* UIView+Convenience.swift in Sources */ = {isa = PBXBuildFile; fileRef = FEDB636D1EBD1E5D00F8FDF2 /* UIView+Convenience.swift */; };
		FEDB63701EBD27E900F8FDF2 /* ChameleonFramework.framework in Frameworks */ = {isa = PBXBuildFile; fileRef = FEDB636F1EBD27E900F8FDF2 /* ChameleonFramework.framework */; };
		FEDB63741EBD65CB00F8FDF2 /* DJCustomActivityView.swift in Sources */ = {isa = PBXBuildFile; fileRef = FEDB63731EBD65CB00F8FDF2 /* DJCustomActivityView.swift */; };
/* End PBXBuildFile section */

/* Begin PBXFileReference section */
		0E1DA31A60FFF5C01FF5D9CA /* Pods_RainCaster.framework */ = {isa = PBXFileReference; explicitFileType = wrapper.framework; includeInIndex = 0; path = Pods_RainCaster.framework; sourceTree = BUILT_PRODUCTS_DIR; };
		634002D169D85C96F267F6CF /* Pods-RainCaster.release.xcconfig */ = {isa = PBXFileReference; includeInIndex = 1; lastKnownFileType = text.xcconfig; name = "Pods-RainCaster.release.xcconfig"; path = "Pods/Target Support Files/Pods-RainCaster/Pods-RainCaster.release.xcconfig"; sourceTree = "<group>"; };
		9303DDAE6753518BA0A520D8 /* Pods-RainCaster.debug.xcconfig */ = {isa = PBXFileReference; includeInIndex = 1; lastKnownFileType = text.xcconfig; name = "Pods-RainCaster.debug.xcconfig"; path = "Pods/Target Support Files/Pods-RainCaster/Pods-RainCaster.debug.xcconfig"; sourceTree = "<group>"; };
		FE3BB69D1EB9487000809F98 /* DJMediaPlayerControl.swift */ = {isa = PBXFileReference; fileEncoding = 4; lastKnownFileType = sourcecode.swift; path = DJMediaPlayerControl.swift; sourceTree = "<group>"; };
		FE3BB69F1EB9496600809F98 /* DJCachingController.swift */ = {isa = PBXFileReference; fileEncoding = 4; lastKnownFileType = sourcecode.swift; path = DJCachingController.swift; sourceTree = "<group>"; };
		FE3BB6A11EB9554500809F98 /* UIImage+Convenience.swift */ = {isa = PBXFileReference; fileEncoding = 4; lastKnownFileType = sourcecode.swift; path = "UIImage+Convenience.swift"; sourceTree = "<group>"; };
		FE6E51091EABECCB00A62CCB /* RainCaster.app */ = {isa = PBXFileReference; explicitFileType = wrapper.application; includeInIndex = 0; path = RainCaster.app; sourceTree = BUILT_PRODUCTS_DIR; };
		FE6E510C1EABECCB00A62CCB /* AppDelegate.swift */ = {isa = PBXFileReference; lastKnownFileType = sourcecode.swift; path = AppDelegate.swift; sourceTree = "<group>"; };
		FE6E51131EABECCB00A62CCB /* Assets.xcassets */ = {isa = PBXFileReference; lastKnownFileType = folder.assetcatalog; path = Assets.xcassets; sourceTree = "<group>"; };
		FE6E51161EABECCB00A62CCB /* Base */ = {isa = PBXFileReference; lastKnownFileType = file.storyboard; name = Base; path = Base.lproj/LaunchScreen.storyboard; sourceTree = "<group>"; };
		FE6E51181EABECCB00A62CCB /* Info.plist */ = {isa = PBXFileReference; lastKnownFileType = text.plist.xml; path = Info.plist; sourceTree = "<group>"; };
		FE6E51241EABEFF300A62CCB /* Podfile */ = {isa = PBXFileReference; fileEncoding = 4; lastKnownFileType = text; path = Podfile; sourceTree = "<group>"; xcLanguageSpecificationIdentifier = xcode.lang.ruby; };
		FE964CEE1EAC259F00DF0035 /* MainPlayerVC+GCKDeviceManagerDelegate.swift */ = {isa = PBXFileReference; fileEncoding = 4; lastKnownFileType = sourcecode.swift; path = "MainPlayerVC+GCKDeviceManagerDelegate.swift"; sourceTree = "<group>"; };
		FE964CF21EAD5E3D00DF0035 /* Swifter.framework */ = {isa = PBXFileReference; lastKnownFileType = wrapper.framework; name = Swifter.framework; path = "../../../../../Library/Developer/Xcode/DerivedData/RainCaster-eqlwsavkfjddxkcxfworqahdrqtt/Build/Products/Debug-iphonesimulator/Swifter/Swifter.framework"; sourceTree = "<group>"; };
		FE964CF41EAD61D700DF0035 /* Embassy.framework */ = {isa = PBXFileReference; lastKnownFileType = wrapper.framework; name = Embassy.framework; path = "../../../../../Library/Developer/Xcode/DerivedData/RainCaster-eqlwsavkfjddxkcxfworqahdrqtt/Build/Products/Debug-iphonesimulator/Embassy/Embassy.framework"; sourceTree = "<group>"; };
		FE964CFA1EB7AF3D00DF0035 /* ThemedTrackCollectionViewCell.swift */ = {isa = PBXFileReference; fileEncoding = 4; lastKnownFileType = sourcecode.swift; path = ThemedTrackCollectionViewCell.swift; sourceTree = "<group>"; };
		FE964CFB1EB7AF3D00DF0035 /* ThemedTrackCollectionViewCell.xib */ = {isa = PBXFileReference; fileEncoding = 4; lastKnownFileType = file.xib; path = ThemedTrackCollectionViewCell.xib; sourceTree = "<group>"; };
		FE964CFF1EB7B43600DF0035 /* FilsonSoft-Bold.otf */ = {isa = PBXFileReference; lastKnownFileType = file; path = "FilsonSoft-Bold.otf"; sourceTree = "<group>"; };
		FE964D001EB7B43600DF0035 /* FilsonSoftRegular.otf */ = {isa = PBXFileReference; lastKnownFileType = file; path = FilsonSoftRegular.otf; sourceTree = "<group>"; };
		FEA3B4961EB7FAD600187EB0 /* MainPlayerViewController.swift */ = {isa = PBXFileReference; fileEncoding = 4; lastKnownFileType = sourcecode.swift; path = MainPlayerViewController.swift; sourceTree = "<group>"; };
		FEA3B4971EB7FAD600187EB0 /* MainPlayerViewController.xib */ = {isa = PBXFileReference; fileEncoding = 4; lastKnownFileType = file.xib; path = MainPlayerViewController.xib; sourceTree = "<group>"; };
		FEA3B49B1EB8015800187EB0 /* Enums.swift */ = {isa = PBXFileReference; fileEncoding = 4; lastKnownFileType = sourcecode.swift; path = Enums.swift; sourceTree = "<group>"; };
		FEA3B49E1EB8028B00187EB0 /* UIColor+Design.swift */ = {isa = PBXFileReference; fileEncoding = 4; lastKnownFileType = sourcecode.swift; path = "UIColor+Design.swift"; sourceTree = "<group>"; };
		FEA3B4A01EB8029900187EB0 /* UIColor+Convenience.swift */ = {isa = PBXFileReference; fileEncoding = 4; lastKnownFileType = sourcecode.swift; path = "UIColor+Convenience.swift"; sourceTree = "<group>"; };
		FEA3B4A21EB802C300187EB0 /* Numeric+Convenience.swift */ = {isa = PBXFileReference; fileEncoding = 4; lastKnownFileType = sourcecode.swift; path = "Numeric+Convenience.swift"; sourceTree = "<group>"; };
		FEA3B4A41EB8033600187EB0 /* UIFont+Design.swift */ = {isa = PBXFileReference; fileEncoding = 4; lastKnownFileType = sourcecode.swift; path = "UIFont+Design.swift"; sourceTree = "<group>"; };
		FEA3B4A61EB8039F00187EB0 /* SanFranciscoDisplay-Regular.otf */ = {isa = PBXFileReference; lastKnownFileType = file; path = "SanFranciscoDisplay-Regular.otf"; sourceTree = "<group>"; };
		FEA3B4A91EB8046E00187EB0 /* TrackListCollectionViewDataSource.swift */ = {isa = PBXFileReference; fileEncoding = 4; lastKnownFileType = sourcecode.swift; path = TrackListCollectionViewDataSource.swift; sourceTree = "<group>"; };
		FEA3B4AD1EB8063700187EB0 /* SettingsCollectionViewCell.swift */ = {isa = PBXFileReference; fileEncoding = 4; lastKnownFileType = sourcecode.swift; path = SettingsCollectionViewCell.swift; sourceTree = "<group>"; };
		FEA3B4AE1EB8063700187EB0 /* SettingsCollectionViewCell.xib */ = {isa = PBXFileReference; fileEncoding = 4; lastKnownFileType = file.xib; path = SettingsCollectionViewCell.xib; sourceTree = "<group>"; };
		FEA3B4B11EB807E800187EB0 /* CellData.swift */ = {isa = PBXFileReference; fileEncoding = 4; lastKnownFileType = sourcecode.swift; path = CellData.swift; sourceTree = "<group>"; };
		FEA3B4B41EB80E6900187EB0 /* DJAudioController.swift */ = {isa = PBXFileReference; fileEncoding = 4; lastKnownFileType = sourcecode.swift; path = DJAudioController.swift; sourceTree = "<group>"; };
		FEA3B4B61EB80F0000187EB0 /* DummyDataSource.swift */ = {isa = PBXFileReference; fileEncoding = 4; lastKnownFileType = sourcecode.swift; path = DummyDataSource.swift; sourceTree = "<group>"; };
		FEDB636B1EBD1D4200F8FDF2 /* CGFloat+Curve.swift */ = {isa = PBXFileReference; fileEncoding = 4; lastKnownFileType = sourcecode.swift; path = "CGFloat+Curve.swift"; sourceTree = "<group>"; };
		FEDB636D1EBD1E5D00F8FDF2 /* UIView+Convenience.swift */ = {isa = PBXFileReference; fileEncoding = 4; lastKnownFileType = sourcecode.swift; path = "UIView+Convenience.swift"; sourceTree = "<group>"; };
		FEDB636F1EBD27E900F8FDF2 /* ChameleonFramework.framework */ = {isa = PBXFileReference; lastKnownFileType = wrapper.framework; name = ChameleonFramework.framework; path = "../../../../../Library/Developer/Xcode/DerivedData/RainCaster-eqlwsavkfjddxkcxfworqahdrqtt/Build/Products/Debug-iphonesimulator/ChameleonFramework/ChameleonFramework.framework"; sourceTree = "<group>"; };
		FEDB63731EBD65CB00F8FDF2 /* DJCustomActivityView.swift */ = {isa = PBXFileReference; fileEncoding = 4; lastKnownFileType = sourcecode.swift; path = DJCustomActivityView.swift; sourceTree = "<group>"; };
/* End PBXFileReference section */

/* Begin PBXFrameworksBuildPhase section */
		FE6E51061EABECCB00A62CCB /* Frameworks */ = {
			isa = PBXFrameworksBuildPhase;
			buildActionMask = 2147483647;
			files = (
				FEDB63701EBD27E900F8FDF2 /* ChameleonFramework.framework in Frameworks */,
				5220CD4F78B806719BD9EA88 /* Pods_RainCaster.framework in Frameworks */,
			);
			runOnlyForDeploymentPostprocessing = 0;
		};
/* End PBXFrameworksBuildPhase section */

/* Begin PBXGroup section */
		562E20E14D06613F49F4323F /* Pods */ = {
			isa = PBXGroup;
			children = (
				9303DDAE6753518BA0A520D8 /* Pods-RainCaster.debug.xcconfig */,
				634002D169D85C96F267F6CF /* Pods-RainCaster.release.xcconfig */,
			);
			name = Pods;
			sourceTree = "<group>";
		};
		D696942A72FE8B57ABC904D5 /* Frameworks */ = {
			isa = PBXGroup;
			children = (
				FEDB636F1EBD27E900F8FDF2 /* ChameleonFramework.framework */,
				FE964CF41EAD61D700DF0035 /* Embassy.framework */,
				FE964CF21EAD5E3D00DF0035 /* Swifter.framework */,
				0E1DA31A60FFF5C01FF5D9CA /* Pods_RainCaster.framework */,
			);
			name = Frameworks;
			sourceTree = "<group>";
		};
		FE3BB69C1EB9485100809F98 /* MediaPlayer */ = {
			isa = PBXGroup;
			children = (
				FE3BB69D1EB9487000809F98 /* DJMediaPlayerControl.swift */,
			);
			name = MediaPlayer;
			sourceTree = "<group>";
		};
		FE6E51001EABECCB00A62CCB = {
			isa = PBXGroup;
			children = (
				D696942A72FE8B57ABC904D5 /* Frameworks */,
				FE6E51241EABEFF300A62CCB /* Podfile */,
				562E20E14D06613F49F4323F /* Pods */,
				FE6E510A1EABECCB00A62CCB /* Products */,
				FE6E510B1EABECCB00A62CCB /* RainCaster */,
			);
			sourceTree = "<group>";
		};
		FE6E510A1EABECCB00A62CCB /* Products */ = {
			isa = PBXGroup;
			children = (
				FE6E51091EABECCB00A62CCB /* RainCaster.app */,
			);
			name = Products;
			sourceTree = "<group>";
		};
		FE6E510B1EABECCB00A62CCB /* RainCaster */ = {
			isa = PBXGroup;
			children = (
				FEA3B4B31EB80E5F00187EB0 /* Controllers */,
				FEA3B4A81EB8044F00187EB0 /* Data Sources */,
				FE6E511E1EABEDF300A62CCB /* Storyboards */,
				FE6E51201EABEE0300A62CCB /* Supporting Files */,
				FE6E511F1EABEDFC00A62CCB /* View Controllers */,
				FE6E51211EABEE0900A62CCB /* Views */,
			);
			path = RainCaster;
			sourceTree = "<group>";
		};
		FE6E511E1EABEDF300A62CCB /* Storyboards */ = {
			isa = PBXGroup;
			children = (
				FE6E51151EABECCB00A62CCB /* LaunchScreen.storyboard */,
			);
			name = Storyboards;
			sourceTree = "<group>";
		};
		FE6E511F1EABEDFC00A62CCB /* View Controllers */ = {
			isa = PBXGroup;
			children = (
				FEA3B49A1EB7FB0800187EB0 /* MainPlayer */,
			);
			name = "View Controllers";
			sourceTree = "<group>";
		};
		FE6E51201EABEE0300A62CCB /* Supporting Files */ = {
			isa = PBXGroup;
			children = (
				FE6E510C1EABECCB00A62CCB /* AppDelegate.swift */,
				FE6E51131EABECCB00A62CCB /* Assets.xcassets */,
				FEA3B49B1EB8015800187EB0 /* Enums.swift */,
				FEA3B49D1EB8017100187EB0 /* Extensions */,
				FE6E51221EABEE1100A62CCB /* Fonts */,
				FE6E51181EABECCB00A62CCB /* Info.plist */,
			);
			name = "Supporting Files";
			sourceTree = "<group>";
		};
		FE6E51211EABEE0900A62CCB /* Views */ = {
			isa = PBXGroup;
			children = (
				FEA3B4AB1EB8061A00187EB0 /* Cells */,
				FEDB63731EBD65CB00F8FDF2 /* DJCustomActivityView.swift */,
				FE3BB69C1EB9485100809F98 /* MediaPlayer */,
			);
			name = Views;
			sourceTree = "<group>";
		};
		FE6E51221EABEE1100A62CCB /* Fonts */ = {
			isa = PBXGroup;
			children = (
				FE964CFF1EB7B43600DF0035 /* FilsonSoft-Bold.otf */,
				FE964D001EB7B43600DF0035 /* FilsonSoftRegular.otf */,
				FEA3B4A61EB8039F00187EB0 /* SanFranciscoDisplay-Regular.otf */,
			);
			name = Fonts;
			sourceTree = "<group>";
		};
		FE964CFE1EB7AF4000DF0035 /* Themed Track */ = {
			isa = PBXGroup;
			children = (
				FE964CFA1EB7AF3D00DF0035 /* ThemedTrackCollectionViewCell.swift */,
				FE964CFB1EB7AF3D00DF0035 /* ThemedTrackCollectionViewCell.xib */,
			);
			name = "Themed Track";
			sourceTree = "<group>";
		};
		FEA3B49A1EB7FB0800187EB0 /* MainPlayer */ = {
			isa = PBXGroup;
			children = (
				FE964CEE1EAC259F00DF0035 /* MainPlayerVC+GCKDeviceManagerDelegate.swift */,
				FEA3B4961EB7FAD600187EB0 /* MainPlayerViewController.swift */,
				FEA3B4971EB7FAD600187EB0 /* MainPlayerViewController.xib */,
			);
			name = MainPlayer;
			sourceTree = "<group>";
		};
		FEA3B49D1EB8017100187EB0 /* Extensions */ = {
			isa = PBXGroup;
			children = (
				FEDB636B1EBD1D4200F8FDF2 /* CGFloat+Curve.swift */,
				FEA3B4A21EB802C300187EB0 /* Numeric+Convenience.swift */,
				FEA3B4A01EB8029900187EB0 /* UIColor+Convenience.swift */,
				FEA3B49E1EB8028B00187EB0 /* UIColor+Design.swift */,
				FEA3B4A41EB8033600187EB0 /* UIFont+Design.swift */,
				FE3BB6A11EB9554500809F98 /* UIImage+Convenience.swift */,
				FEDB636D1EBD1E5D00F8FDF2 /* UIView+Convenience.swift */,
			);
			name = Extensions;
			sourceTree = "<group>";
		};
		FEA3B4A81EB8044F00187EB0 /* Data Sources */ = {
			isa = PBXGroup;
			children = (
				FEA3B4A91EB8046E00187EB0 /* TrackListCollectionViewDataSource.swift */,
				FEA3B4B61EB80F0000187EB0 /* DummyDataSource.swift */,
			);
			name = "Data Sources";
			sourceTree = "<group>";
		};
		FEA3B4AB1EB8061A00187EB0 /* Cells */ = {
			isa = PBXGroup;
			children = (
				FEA3B4AC1EB8062400187EB0 /* Settings */,
				FE964CFE1EB7AF4000DF0035 /* Themed Track */,
				FEA3B4B11EB807E800187EB0 /* CellData.swift */,
			);
			name = Cells;
			sourceTree = "<group>";
		};
		FEA3B4AC1EB8062400187EB0 /* Settings */ = {
			isa = PBXGroup;
			children = (
				FEA3B4AD1EB8063700187EB0 /* SettingsCollectionViewCell.swift */,
				FEA3B4AE1EB8063700187EB0 /* SettingsCollectionViewCell.xib */,
			);
			name = Settings;
			sourceTree = "<group>";
		};
		FEA3B4B31EB80E5F00187EB0 /* Controllers */ = {
			isa = PBXGroup;
			children = (
				FEA3B4B41EB80E6900187EB0 /* DJAudioController.swift */,
				FE3BB69F1EB9496600809F98 /* DJCachingController.swift */,
			);
			name = Controllers;
			sourceTree = "<group>";
		};
/* End PBXGroup section */

/* Begin PBXNativeTarget section */
		FE6E51081EABECCB00A62CCB /* RainCaster */ = {
			isa = PBXNativeTarget;
			buildConfigurationList = FE6E511B1EABECCB00A62CCB /* Build configuration list for PBXNativeTarget "RainCaster" */;
			buildPhases = (
				2AD181F82092E1BBE18F1679 /* [CP] Check Pods Manifest.lock */,
				FE6E51051EABECCB00A62CCB /* Sources */,
				FE6E51061EABECCB00A62CCB /* Frameworks */,
				FE6E51071EABECCB00A62CCB /* Resources */,
				F2A8EB6B53CFF71632DAC643 /* [CP] Embed Pods Frameworks */,
				E4EA6A9534B76CE0518F37BC /* [CP] Copy Pods Resources */,
			);
			buildRules = (
			);
			dependencies = (
			);
			name = RainCaster;
			productName = RainCaster;
			productReference = FE6E51091EABECCB00A62CCB /* RainCaster.app */;
			productType = "com.apple.product-type.application";
		};
/* End PBXNativeTarget section */

/* Begin PBXProject section */
		FE6E51011EABECCB00A62CCB /* Project object */ = {
			isa = PBXProject;
			attributes = {
				LastSwiftUpdateCheck = 0830;
				LastUpgradeCheck = 0830;
				ORGANIZATIONNAME = "Jaden Nation";
				TargetAttributes = {
					FE6E51081EABECCB00A62CCB = {
						CreatedOnToolsVersion = 8.3.1;
						DevelopmentTeam = 4XGWNN4LS9;
						ProvisioningStyle = Automatic;
					};
				};
			};
			buildConfigurationList = FE6E51041EABECCB00A62CCB /* Build configuration list for PBXProject "RainCaster" */;
			compatibilityVersion = "Xcode 3.2";
			developmentRegion = English;
			hasScannedForEncodings = 0;
			knownRegions = (
				en,
				Base,
			);
			mainGroup = FE6E51001EABECCB00A62CCB;
			productRefGroup = FE6E510A1EABECCB00A62CCB /* Products */;
			projectDirPath = "";
			projectRoot = "";
			targets = (
				FE6E51081EABECCB00A62CCB /* RainCaster */,
			);
		};
/* End PBXProject section */

/* Begin PBXResourcesBuildPhase section */
		FE6E51071EABECCB00A62CCB /* Resources */ = {
			isa = PBXResourcesBuildPhase;
			buildActionMask = 2147483647;
			files = (
				FE6E51171EABECCB00A62CCB /* LaunchScreen.storyboard in Resources */,
				FE6E51141EABECCB00A62CCB /* Assets.xcassets in Resources */,
				FEA3B4B01EB8063700187EB0 /* SettingsCollectionViewCell.xib in Resources */,
				FE6E51251EABEFF300A62CCB /* Podfile in Resources */,
				FE964D021EB7B43600DF0035 /* FilsonSoftRegular.otf in Resources */,
				FE964D011EB7B43600DF0035 /* FilsonSoft-Bold.otf in Resources */,
				FEA3B4A71EB8039F00187EB0 /* SanFranciscoDisplay-Regular.otf in Resources */,
				FEA3B4991EB7FAD600187EB0 /* MainPlayerViewController.xib in Resources */,
				FE964CFD1EB7AF3D00DF0035 /* ThemedTrackCollectionViewCell.xib in Resources */,
			);
			runOnlyForDeploymentPostprocessing = 0;
		};
/* End PBXResourcesBuildPhase section */

/* Begin PBXShellScriptBuildPhase section */
		2AD181F82092E1BBE18F1679 /* [CP] Check Pods Manifest.lock */ = {
			isa = PBXShellScriptBuildPhase;
			buildActionMask = 2147483647;
			files = (
			);
			inputPaths = (
			);
			name = "[CP] Check Pods Manifest.lock";
			outputPaths = (
			);
			runOnlyForDeploymentPostprocessing = 0;
			shellPath = /bin/sh;
			shellScript = "diff \"${PODS_PODFILE_DIR_PATH}/Podfile.lock\" \"${PODS_ROOT}/Manifest.lock\" > /dev/null\nif [ $? != 0 ] ; then\n    # print error to STDERR\n    echo \"error: The sandbox is not in sync with the Podfile.lock. Run 'pod install' or update your CocoaPods installation.\" >&2\n    exit 1\nfi\n";
			showEnvVarsInLog = 0;
		};
		E4EA6A9534B76CE0518F37BC /* [CP] Copy Pods Resources */ = {
			isa = PBXShellScriptBuildPhase;
			buildActionMask = 2147483647;
			files = (
			);
			inputPaths = (
			);
			name = "[CP] Copy Pods Resources";
			outputPaths = (
			);
			runOnlyForDeploymentPostprocessing = 0;
			shellPath = /bin/sh;
			shellScript = "\"${SRCROOT}/Pods/Target Support Files/Pods-RainCaster/Pods-RainCaster-resources.sh\"\n";
			showEnvVarsInLog = 0;
		};
		F2A8EB6B53CFF71632DAC643 /* [CP] Embed Pods Frameworks */ = {
			isa = PBXShellScriptBuildPhase;
			buildActionMask = 2147483647;
			files = (
			);
			inputPaths = (
			);
			name = "[CP] Embed Pods Frameworks";
			outputPaths = (
			);
			runOnlyForDeploymentPostprocessing = 0;
			shellPath = /bin/sh;
			shellScript = "\"${SRCROOT}/Pods/Target Support Files/Pods-RainCaster/Pods-RainCaster-frameworks.sh\"\n";
			showEnvVarsInLog = 0;
		};
/* End PBXShellScriptBuildPhase section */

/* Begin PBXSourcesBuildPhase section */
		FE6E51051EABECCB00A62CCB /* Sources */ = {
			isa = PBXSourcesBuildPhase;
			buildActionMask = 2147483647;
			files = (
				FE964CFC1EB7AF3D00DF0035 /* ThemedTrackCollectionViewCell.swift in Sources */,
				FE3BB69E1EB9487000809F98 /* DJMediaPlayerControl.swift in Sources */,
				FEDB63741EBD65CB00F8FDF2 /* DJCustomActivityView.swift in Sources */,
				FEA3B4B71EB80F0000187EB0 /* DummyDataSource.swift in Sources */,
				FE3BB6A01EB9496600809F98 /* DJCachingController.swift in Sources */,
				FEA3B49F1EB8028B00187EB0 /* UIColor+Design.swift in Sources */,
				FEA3B4A51EB8033600187EB0 /* UIFont+Design.swift in Sources */,
				FEA3B49C1EB8015800187EB0 /* Enums.swift in Sources */,
				FEA3B4981EB7FAD600187EB0 /* MainPlayerViewController.swift in Sources */,
				FEA3B4AF1EB8063700187EB0 /* SettingsCollectionViewCell.swift in Sources */,
				FE964CEF1EAC259F00DF0035 /* MainPlayerVC+GCKDeviceManagerDelegate.swift in Sources */,
				FEDB636E1EBD1E5D00F8FDF2 /* UIView+Convenience.swift in Sources */,
				FEA3B4B21EB807E800187EB0 /* CellData.swift in Sources */,
				FEA3B4B51EB80E6900187EB0 /* DJAudioController.swift in Sources */,
				FE3BB6A21EB9554500809F98 /* UIImage+Convenience.swift in Sources */,
				FE6E510D1EABECCB00A62CCB /* AppDelegate.swift in Sources */,
				FEDB636C1EBD1D4200F8FDF2 /* CGFloat+Curve.swift in Sources */,
				FEA3B4AA1EB8046E00187EB0 /* TrackListCollectionViewDataSource.swift in Sources */,
				FEA3B4A11EB8029900187EB0 /* UIColor+Convenience.swift in Sources */,
				FEA3B4A31EB802C300187EB0 /* Numeric+Convenience.swift in Sources */,
			);
			runOnlyForDeploymentPostprocessing = 0;
		};
/* End PBXSourcesBuildPhase section */

/* Begin PBXVariantGroup section */
		FE6E51151EABECCB00A62CCB /* LaunchScreen.storyboard */ = {
			isa = PBXVariantGroup;
			children = (
				FE6E51161EABECCB00A62CCB /* Base */,
			);
			name = LaunchScreen.storyboard;
			sourceTree = "<group>";
		};
/* End PBXVariantGroup section */

/* Begin XCBuildConfiguration section */
		FE6E51191EABECCB00A62CCB /* Debug */ = {
			isa = XCBuildConfiguration;
			buildSettings = {
				ALWAYS_SEARCH_USER_PATHS = NO;
				CLANG_ANALYZER_NONNULL = YES;
				CLANG_ANALYZER_NUMBER_OBJECT_CONVERSION = YES_AGGRESSIVE;
				CLANG_CXX_LANGUAGE_STANDARD = "gnu++0x";
				CLANG_CXX_LIBRARY = "libc++";
				CLANG_ENABLE_MODULES = YES;
				CLANG_ENABLE_OBJC_ARC = YES;
				CLANG_WARN_BOOL_CONVERSION = YES;
				CLANG_WARN_CONSTANT_CONVERSION = YES;
				CLANG_WARN_DIRECT_OBJC_ISA_USAGE = YES_ERROR;
				CLANG_WARN_DOCUMENTATION_COMMENTS = YES;
				CLANG_WARN_EMPTY_BODY = YES;
				CLANG_WARN_ENUM_CONVERSION = YES;
				CLANG_WARN_INFINITE_RECURSION = YES;
				CLANG_WARN_INT_CONVERSION = YES;
				CLANG_WARN_OBJC_ROOT_CLASS = YES_ERROR;
				CLANG_WARN_SUSPICIOUS_MOVE = YES;
				CLANG_WARN_UNREACHABLE_CODE = YES;
				CLANG_WARN__DUPLICATE_METHOD_MATCH = YES;
				"CODE_SIGN_IDENTITY[sdk=iphoneos*]" = "iPhone Developer";
				COPY_PHASE_STRIP = NO;
				DEBUG_INFORMATION_FORMAT = dwarf;
				ENABLE_STRICT_OBJC_MSGSEND = YES;
				ENABLE_TESTABILITY = YES;
				GCC_C_LANGUAGE_STANDARD = gnu99;
				GCC_DYNAMIC_NO_PIC = NO;
				GCC_NO_COMMON_BLOCKS = YES;
				GCC_OPTIMIZATION_LEVEL = 0;
				GCC_PREPROCESSOR_DEFINITIONS = (
					"DEBUG=1",
					"$(inherited)",
				);
				GCC_WARN_64_TO_32_BIT_CONVERSION = YES;
				GCC_WARN_ABOUT_RETURN_TYPE = YES_ERROR;
				GCC_WARN_UNDECLARED_SELECTOR = YES;
				GCC_WARN_UNINITIALIZED_AUTOS = YES_AGGRESSIVE;
				GCC_WARN_UNUSED_FUNCTION = YES;
				GCC_WARN_UNUSED_VARIABLE = YES;
				IPHONEOS_DEPLOYMENT_TARGET = 10.3;
				MTL_ENABLE_DEBUG_INFO = YES;
				ONLY_ACTIVE_ARCH = YES;
				SDKROOT = iphoneos;
				SWIFT_ACTIVE_COMPILATION_CONDITIONS = DEBUG;
				SWIFT_OPTIMIZATION_LEVEL = "-Onone";
			};
			name = Debug;
		};
		FE6E511A1EABECCB00A62CCB /* Release */ = {
			isa = XCBuildConfiguration;
			buildSettings = {
				ALWAYS_SEARCH_USER_PATHS = NO;
				CLANG_ANALYZER_NONNULL = YES;
				CLANG_ANALYZER_NUMBER_OBJECT_CONVERSION = YES_AGGRESSIVE;
				CLANG_CXX_LANGUAGE_STANDARD = "gnu++0x";
				CLANG_CXX_LIBRARY = "libc++";
				CLANG_ENABLE_MODULES = YES;
				CLANG_ENABLE_OBJC_ARC = YES;
				CLANG_WARN_BOOL_CONVERSION = YES;
				CLANG_WARN_CONSTANT_CONVERSION = YES;
				CLANG_WARN_DIRECT_OBJC_ISA_USAGE = YES_ERROR;
				CLANG_WARN_DOCUMENTATION_COMMENTS = YES;
				CLANG_WARN_EMPTY_BODY = YES;
				CLANG_WARN_ENUM_CONVERSION = YES;
				CLANG_WARN_INFINITE_RECURSION = YES;
				CLANG_WARN_INT_CONVERSION = YES;
				CLANG_WARN_OBJC_ROOT_CLASS = YES_ERROR;
				CLANG_WARN_SUSPICIOUS_MOVE = YES;
				CLANG_WARN_UNREACHABLE_CODE = YES;
				CLANG_WARN__DUPLICATE_METHOD_MATCH = YES;
				"CODE_SIGN_IDENTITY[sdk=iphoneos*]" = "iPhone Developer";
				COPY_PHASE_STRIP = NO;
				DEBUG_INFORMATION_FORMAT = "dwarf-with-dsym";
				ENABLE_NS_ASSERTIONS = NO;
				ENABLE_STRICT_OBJC_MSGSEND = YES;
				GCC_C_LANGUAGE_STANDARD = gnu99;
				GCC_NO_COMMON_BLOCKS = YES;
				GCC_WARN_64_TO_32_BIT_CONVERSION = YES;
				GCC_WARN_ABOUT_RETURN_TYPE = YES_ERROR;
				GCC_WARN_UNDECLARED_SELECTOR = YES;
				GCC_WARN_UNINITIALIZED_AUTOS = YES_AGGRESSIVE;
				GCC_WARN_UNUSED_FUNCTION = YES;
				GCC_WARN_UNUSED_VARIABLE = YES;
				IPHONEOS_DEPLOYMENT_TARGET = 10.3;
				MTL_ENABLE_DEBUG_INFO = NO;
				SDKROOT = iphoneos;
				SWIFT_OPTIMIZATION_LEVEL = "-Owholemodule";
				VALIDATE_PRODUCT = YES;
			};
			name = Release;
		};
		FE6E511C1EABECCB00A62CCB /* Debug */ = {
			isa = XCBuildConfiguration;
			baseConfigurationReference = 9303DDAE6753518BA0A520D8 /* Pods-RainCaster.debug.xcconfig */;
			buildSettings = {
				ASSETCATALOG_COMPILER_APPICON_NAME = AppIcon;
				DEVELOPMENT_TEAM = 4XGWNN4LS9;
				INFOPLIST_FILE = RainCaster/Info.plist;
				LD_RUNPATH_SEARCH_PATHS = "$(inherited) @executable_path/Frameworks";
				PRODUCT_BUNDLE_IDENTIFIER = com.DesignerJeans.RainCaster;
				PRODUCT_NAME = "$(TARGET_NAME)";
				SWIFT_VERSION = 3.0;
			};
			name = Debug;
		};
		FE6E511D1EABECCB00A62CCB /* Release */ = {
			isa = XCBuildConfiguration;
			baseConfigurationReference = 634002D169D85C96F267F6CF /* Pods-RainCaster.release.xcconfig */;
			buildSettings = {
				ASSETCATALOG_COMPILER_APPICON_NAME = AppIcon;
				DEVELOPMENT_TEAM = 4XGWNN4LS9;
				INFOPLIST_FILE = RainCaster/Info.plist;
				LD_RUNPATH_SEARCH_PATHS = "$(inherited) @executable_path/Frameworks";
				PRODUCT_BUNDLE_IDENTIFIER = com.DesignerJeans.RainCaster;
				PRODUCT_NAME = "$(TARGET_NAME)";
				SWIFT_VERSION = 3.0;
			};
			name = Release;
		};
/* End XCBuildConfiguration section */

/* Begin XCConfigurationList section */
		FE6E51041EABECCB00A62CCB /* Build configuration list for PBXProject "RainCaster" */ = {
			isa = XCConfigurationList;
			buildConfigurations = (
				FE6E51191EABECCB00A62CCB /* Debug */,
				FE6E511A1EABECCB00A62CCB /* Release */,
			);
			defaultConfigurationIsVisible = 0;
			defaultConfigurationName = Release;
		};
		FE6E511B1EABECCB00A62CCB /* Build configuration list for PBXNativeTarget "RainCaster" */ = {
			isa = XCConfigurationList;
			buildConfigurations = (
				FE6E511C1EABECCB00A62CCB /* Debug */,
				FE6E511D1EABECCB00A62CCB /* Release */,
			);
			defaultConfigurationIsVisible = 0;
			defaultConfigurationName = Release;
		};
/* End XCConfigurationList section */
	};
	rootObject = FE6E51011EABECCB00A62CCB /* Project object */;
}
